{
  "name": "backend",
  "lockfileVersion": 3,
  "requires": true,
  "packages": {
    "": {
      "dependencies": {
        "Note-HEMC": "file:.."
      }
    },
    "..": {
      "name": "Note-HEMC",
      "version": "1.0.0",
      "devDependencies": {
        "concurrently": "^8.2.2"
      }
    },
    "node_modules/Note-HEMC": {
      "resolved": "..",
      "link": true
    }
  }
}
